
Microsoft Visual Studio Solution File, Format Version 12.00
# Visual Studio Version 17
VisualStudioVersion = 17.5.002.0
MinimumVisualStudioVersion = 10.0.40219.1
Project("{9A19103F-16F7-4668-BE54-9A1E7A4F7556}") = "Eticaret.Web.Mvc", "Eticaret.Web.Mvc\Eticaret.Web.Mvc.csproj", "{F9558434-BEBF-489A-8321-1F007DE8C213}"
EndProject
Project("{FAE04EC0-301F-11D3-BF4B-00C04F79EFBC}") = "Eticaret.Domain", "Eticaret.Domain\Eticaret.Domain.csproj", "{6686EA52-D00B-49DD-ACA6-19F763F9C9A0}"
EndProject
Project("{FAE04EC0-301F-11D3-BF4B-00C04F79EFBC}") = "Eticaret.Persistence.Ef", "Eticaret.Persistence.Ef\Eticaret.Persistence.Ef.csproj", "{A1A71B77-5585-45CB-A785-FFE750FD54A8}"
EndProject
Project("{FAE04EC0-301F-11D3-BF4B-00C04F79EFBC}") = "Eticaret.Application", "Eticaret.Application\Eticaret.Application.csproj", "{514CC3A5-9151-4DFE-A2B0-EB614BB24786}"
EndProject
Project("{FAE04EC0-301F-11D3-BF4B-00C04F79EFBC}") = "Eticaret.File", "Eticaret.File\Eticaret.File.csproj", "{5E3D20EF-A64E-4951-93F1-49C1622BBC18}"
EndProject
Project("{FAE04EC0-301F-11D3-BF4B-00C04F79EFBC}") = "Eticaret.Dto", "Eticaret.Dto\Eticaret.Dto.csproj", "{8A83320C-B0E8-45DC-98E1-2FB960228E41}"
EndProject
Project("{FAE04EC0-301F-11D3-BF4B-00C04F79EFBC}") = "Eticaret.Api", "Eticaret.Api\Eticaret.Api.csproj", "{2D4D15D8-2B0C-4D80-9799-4E3470D01687}"
EndProject
Global
	GlobalSection(SolutionConfigurationPlatforms) = preSolution
		Debug|Any CPU = Debug|Any CPU
		Release|Any CPU = Release|Any CPU
	EndGlobalSection
	GlobalSection(ProjectConfigurationPlatforms) = postSolution
		{F9558434-BEBF-489A-8321-1F007DE8C213}.Debug|Any CPU.ActiveCfg = Debug|Any CPU
		{F9558434-BEBF-489A-8321-1F007DE8C213}.Debug|Any CPU.Build.0 = Debug|Any CPU
		{F9558434-BEBF-489A-8321-1F007DE8C213}.Release|Any CPU.ActiveCfg = Release|Any CPU
		{F9558434-BEBF-489A-8321-1F007DE8C213}.Release|Any CPU.Build.0 = Release|Any CPU
		{6686EA52-D00B-49DD-ACA6-19F763F9C9A0}.Debug|Any CPU.ActiveCfg = Debug|Any CPU
		{6686EA52-D00B-49DD-ACA6-19F763F9C9A0}.Debug|Any CPU.Build.0 = Debug|Any CPU
		{6686EA52-D00B-49DD-ACA6-19F763F9C9A0}.Release|Any CPU.ActiveCfg = Release|Any CPU
		{6686EA52-D00B-49DD-ACA6-19F763F9C9A0}.Release|Any CPU.Build.0 = Release|Any CPU
		{A1A71B77-5585-45CB-A785-FFE750FD54A8}.Debug|Any CPU.ActiveCfg = Debug|Any CPU
		{A1A71B77-5585-45CB-A785-FFE750FD54A8}.Debug|Any CPU.Build.0 = Debug|Any CPU
		{A1A71B77-5585-45CB-A785-FFE750FD54A8}.Release|Any CPU.ActiveCfg = Release|Any CPU
		{A1A71B77-5585-45CB-A785-FFE750FD54A8}.Release|Any CPU.Build.0 = Release|Any CPU
		{514CC3A5-9151-4DFE-A2B0-EB614BB24786}.Debug|Any CPU.ActiveCfg = Debug|Any CPU
		{514CC3A5-9151-4DFE-A2B0-EB614BB24786}.Debug|Any CPU.Build.0 = Debug|Any CPU
		{514CC3A5-9151-4DFE-A2B0-EB614BB24786}.Release|Any CPU.ActiveCfg = Release|Any CPU
		{514CC3A5-9151-4DFE-A2B0-EB614BB24786}.Release|Any CPU.Build.0 = Release|Any CPU
		{5E3D20EF-A64E-4951-93F1-49C1622BBC18}.Debug|Any CPU.ActiveCfg = Debug|Any CPU
		{5E3D20EF-A64E-4951-93F1-49C1622BBC18}.Debug|Any CPU.Build.0 = Debug|Any CPU
		{5E3D20EF-A64E-4951-93F1-49C1622BBC18}.Release|Any CPU.ActiveCfg = Release|Any CPU
		{5E3D20EF-A64E-4951-93F1-49C1622BBC18}.Release|Any CPU.Build.0 = Release|Any CPU
		{8A83320C-B0E8-45DC-98E1-2FB960228E41}.Debug|Any CPU.ActiveCfg = Debug|Any CPU
		{8A83320C-B0E8-45DC-98E1-2FB960228E41}.Debug|Any CPU.Build.0 = Debug|Any CPU
		{8A83320C-B0E8-45DC-98E1-2FB960228E41}.Release|Any CPU.ActiveCfg = Release|Any CPU
		{8A83320C-B0E8-45DC-98E1-2FB960228E41}.Release|Any CPU.Build.0 = Release|Any CPU
		{2D4D15D8-2B0C-4D80-9799-4E3470D01687}.Debug|Any CPU.ActiveCfg = Debug|Any CPU
		{2D4D15D8-2B0C-4D80-9799-4E3470D01687}.Debug|Any CPU.Build.0 = Debug|Any CPU
		{2D4D15D8-2B0C-4D80-9799-4E3470D01687}.Release|Any CPU.ActiveCfg = Release|Any CPU
		{2D4D15D8-2B0C-4D80-9799-4E3470D01687}.Release|Any CPU.Build.0 = Release|Any CPU
	EndGlobalSection
	GlobalSection(SolutionProperties) = preSolution
		HideSolutionNode = FALSE
	EndGlobalSection
	GlobalSection(ExtensibilityGlobals) = postSolution
		SolutionGuid = {0B8C3489-C37E-4EC0-9895-EF9CAB47660B}
	EndGlobalSection
EndGlobal
