
Microsoft Visual Studio Solution File, Format Version 12.00
# Visual Studio Version 17
VisualStudioVersion = 17.5.002.0
MinimumVisualStudioVersion = 10.0.40219.1
Project("{9A19103F-16F7-4668-BE54-9A1E7A4F7556}") = "Eticaret.Web.Mvc", "Eticaret.Web.Mvc\Eticaret.Web.Mvc.csproj", "{F9558434-BEBF-489A-8321-1F007DE8C213}"
EndProject
Project("{FAE04EC0-301F-11D3-BF4B-00C04F79EFBC}") = "Eticaret.Domain", "Eticaret.Domain\Eticaret.Domain.csproj", "{6686EA52-D00B-49DD-ACA6-19F763F9C9A0}"
EndProject
Project("{FAE04EC0-301F-11D3-BF4B-00C04F79EFBC}") = "Eticaret.Persistence.Ef", "Eticaret.Persistence.Ef\Eticaret.Persistence.Ef.csproj", "{A1A71B77-5585-45CB-A785-FFE750FD54A8}"
EndProject
Project("{FAE04EC0-301F-11D3-BF4B-00C04F79EFBC}") = "Eticaret.Application", "Eticaret.Application\Eticaret.Application.csproj", "{514CC3A5-9151-4DFE-A2B0-EB614BB24786}"
EndProject
Project("{FAE04EC0-301F-11D3-BF4B-00C04F79EFBC}") = "Eticaret.API", "Eticaret.API\Eticaret.API.csproj", "{15CECD25-6854-4879-B0DE-0A0240100F19}"
EndProject
Global
	GlobalSection(SolutionConfigurationPlatforms) = preSolution
		Debug|Any CPU = Debug|Any CPU
		Release|Any CPU = Release|Any CPU
	EndGlobalSection
	GlobalSection(ProjectConfigurationPlatforms) = postSolution
		{F9558434-BEBF-489A-8321-1F007DE8C213}.Debug|Any CPU.ActiveCfg = Debug|Any CPU
		{F9558434-BEBF-489A-8321-1F007DE8C213}.Debug|Any CPU.Build.0 = Debug|Any CPU
		{F9558434-BEBF-489A-8321-1F007DE8C213}.Release|Any CPU.ActiveCfg = Release|Any CPU
		{F9558434-BEBF-489A-8321-1F007DE8C213}.Release|Any CPU.Build.0 = Release|Any CPU
		{6686EA52-D00B-49DD-ACA6-19F763F9C9A0}.Debug|Any CPU.ActiveCfg = Debug|Any CPU
		{6686EA52-D00B-49DD-ACA6-19F763F9C9A0}.Debug|Any CPU.Build.0 = Debug|Any CPU
		{6686EA52-D00B-49DD-ACA6-19F763F9C9A0}.Release|Any CPU.ActiveCfg = Release|Any CPU
		{6686EA52-D00B-49DD-ACA6-19F763F9C9A0}.Release|Any CPU.Build.0 = Release|Any CPU
		{A1A71B77-5585-45CB-A785-FFE750FD54A8}.Debug|Any CPU.ActiveCfg = Debug|Any CPU
		{A1A71B77-5585-45CB-A785-FFE750FD54A8}.Debug|Any CPU.Build.0 = Debug|Any CPU
		{A1A71B77-5585-45CB-A785-FFE750FD54A8}.Release|Any CPU.ActiveCfg = Release|Any CPU
		{A1A71B77-5585-45CB-A785-FFE750FD54A8}.Release|Any CPU.Build.0 = Release|Any CPU
		{514CC3A5-9151-4DFE-A2B0-EB614BB24786}.Debug|Any CPU.ActiveCfg = Debug|Any CPU
		{514CC3A5-9151-4DFE-A2B0-EB614BB24786}.Debug|Any CPU.Build.0 = Debug|Any CPU
		{514CC3A5-9151-4DFE-A2B0-EB614BB24786}.Release|Any CPU.ActiveCfg = Release|Any CPU
		{514CC3A5-9151-4DFE-A2B0-EB614BB24786}.Release|Any CPU.Build.0 = Release|Any CPU
		{15CECD25-6854-4879-B0DE-0A0240100F19}.Debug|Any CPU.ActiveCfg = Debug|Any CPU
		{15CECD25-6854-4879-B0DE-0A0240100F19}.Debug|Any CPU.Build.0 = Debug|Any CPU
		{15CECD25-6854-4879-B0DE-0A0240100F19}.Release|Any CPU.ActiveCfg = Release|Any CPU
		{15CECD25-6854-4879-B0DE-0A0240100F19}.Release|Any CPU.Build.0 = Release|Any CPU
	EndGlobalSection
	GlobalSection(SolutionProperties) = preSolution
		HideSolutionNode = FALSE
	EndGlobalSection
	GlobalSection(ExtensibilityGlobals) = postSolution
		SolutionGuid = {0B8C3489-C37E-4EC0-9895-EF9CAB47660B}
	EndGlobalSection
EndGlobal
